
Microsoft Visual Studio Solution File, Format Version 12.00
# Visual Studio Version 17
VisualStudioVersion = 17.3.32611.2
MinimumVisualStudioVersion = 10.0.40219.1
Project("{9A19103F-16F7-4668-BE54-9A1E7A4F7556}") = "Module", "Module\Module.csproj", "{D635B385-429F-4474-ADB9-14BAA0061B0D}"
	ProjectSection(ProjectDependencies) = postProject
		{0CFE7EF5-9D62-41CE-BD9A-C1637848FAE3} = {0CFE7EF5-9D62-41CE-BD9A-C1637848FAE3}
	EndProjectSection
EndProject
Project("{9A19103F-16F7-4668-BE54-9A1E7A4F7556}") = "Core", "Core\Core.csproj", "{0CFE7EF5-9D62-41CE-BD9A-C1637848FAE3}"
EndProject
Project("{9A19103F-16F7-4668-BE54-9A1E7A4F7556}") = "Console", "Console\Console.csproj", "{F790A786-A10A-4EE7-BDF9-CBA1A7A015AF}"
	ProjectSection(ProjectDependencies) = postProject
		{0CFE7EF5-9D62-41CE-BD9A-C1637848FAE3} = {0CFE7EF5-9D62-41CE-BD9A-C1637848FAE3}
	EndProjectSection
EndProject
Project("{2150E333-8FDC-42A3-9474-1A3956D46DE8}") = "Solution Items", "Solution Items", "{0D8A1DB9-67AE-4204-B586-DE784F98A452}"
	ProjectSection(SolutionItems) = preProject
		..\..\.gitignore = ..\..\.gitignore
	EndProjectSection
EndProject
Global
	GlobalSection(SolutionConfigurationPlatforms) = preSolution
		Debug|Any CPU = Debug|Any CPU
		Release|Any CPU = Release|Any CPU
	EndGlobalSection
	GlobalSection(ProjectConfigurationPlatforms) = postSolution
		{D635B385-429F-4474-ADB9-14BAA0061B0D}.Debug|Any CPU.ActiveCfg = Debug|Any CPU
		{D635B385-429F-4474-ADB9-14BAA0061B0D}.Debug|Any CPU.Build.0 = Debug|Any CPU
		{D635B385-429F-4474-ADB9-14BAA0061B0D}.Release|Any CPU.ActiveCfg = Release|Any CPU
		{D635B385-429F-4474-ADB9-14BAA0061B0D}.Release|Any CPU.Build.0 = Release|Any CPU
		{0CFE7EF5-9D62-41CE-BD9A-C1637848FAE3}.Debug|Any CPU.ActiveCfg = Debug|Any CPU
		{0CFE7EF5-9D62-41CE-BD9A-C1637848FAE3}.Debug|Any CPU.Build.0 = Debug|Any CPU
		{0CFE7EF5-9D62-41CE-BD9A-C1637848FAE3}.Release|Any CPU.ActiveCfg = Release|Any CPU
		{0CFE7EF5-9D62-41CE-BD9A-C1637848FAE3}.Release|Any CPU.Build.0 = Release|Any CPU
		{F790A786-A10A-4EE7-BDF9-CBA1A7A015AF}.Debug|Any CPU.ActiveCfg = Debug|Any CPU
		{F790A786-A10A-4EE7-BDF9-CBA1A7A015AF}.Debug|Any CPU.Build.0 = Debug|Any CPU
		{F790A786-A10A-4EE7-BDF9-CBA1A7A015AF}.Release|Any CPU.ActiveCfg = Release|Any CPU
		{F790A786-A10A-4EE7-BDF9-CBA1A7A015AF}.Release|Any CPU.Build.0 = Release|Any CPU
	EndGlobalSection
	GlobalSection(SolutionProperties) = preSolution
		HideSolutionNode = FALSE
	EndGlobalSection
	GlobalSection(ExtensibilityGlobals) = postSolution
		SolutionGuid = {23EA1F35-25C2-44C0-A023-F3AF10C288BC}
	EndGlobalSection
EndGlobal
